Microsoft Visual Studio Solution File, Format Version 12.00
# Visual Studio 2012
Project("{FAE04EC0-301F-11D3-BF4B-00C04F79EFBC}") = "ChooseTheAncient", "ChooseTheAncient.csproj", "{E6E3C9CD-86EE-44B5-94E7-4E17155B335C}"
EndProject
Global
	GlobalSection(SolutionConfigurationPlatforms) = preSolution
	Debug|Any CPU = Debug|Any CPU
	ExportDebug|Any CPU = ExportDebug|Any CPU
	ExportRelease|Any CPU = ExportRelease|Any CPU
	EndGlobalSection
	GlobalSection(ProjectConfigurationPlatforms) = postSolution
		{E6E3C9CD-86EE-44B5-94E7-4E17155B335C}.Debug|Any CPU.ActiveCfg = Debug|Any CPU
		{E6E3C9CD-86EE-44B5-94E7-4E17155B335C}.Debug|Any CPU.Build.0 = Debug|Any CPU
		{E6E3C9CD-86EE-44B5-94E7-4E17155B335C}.ExportDebug|Any CPU.ActiveCfg = ExportDebug|Any CPU
		{E6E3C9CD-86EE-44B5-94E7-4E17155B335C}.ExportDebug|Any CPU.Build.0 = ExportDebug|Any CPU
		{E6E3C9CD-86EE-44B5-94E7-4E17155B335C}.ExportRelease|Any CPU.ActiveCfg = ExportRelease|Any CPU
		{E6E3C9CD-86EE-44B5-94E7-4E17155B335C}.ExportRelease|Any CPU.Build.0 = ExportRelease|Any CPU
	EndGlobalSection
EndGlobal
