
Microsoft Visual Studio Solution File, Format Version 12.00
Project("{FAE04EC0-301F-11D3-BF4B-00C04F79EFBC}") = "ChooseTheAncient", "ChooseTheAncient\ChooseTheAncient.csproj", "{A9645E4E-49A5-4851-B63B-AF0AF173E1DB}"
EndProject
Global
	GlobalSection(SolutionConfigurationPlatforms) = preSolution
		Debug|Any CPU = Debug|Any CPU
		ExportDebug|Any CPU = ExportDebug|Any CPU
		ExportRelease|Any CPU = ExportRelease|Any CPU
	EndGlobalSection
	GlobalSection(ProjectConfigurationPlatforms) = postSolution
		{A9645E4E-49A5-4851-B63B-AF0AF173E1DB}.Debug|Any CPU.ActiveCfg = Debug|Any CPU
		{A9645E4E-49A5-4851-B63B-AF0AF173E1DB}.Debug|Any CPU.Build.0 = Debug|Any CPU
		{A9645E4E-49A5-4851-B63B-AF0AF173E1DB}.ExportDebug|Any CPU.ActiveCfg = ExportDebug|Any CPU
		{A9645E4E-49A5-4851-B63B-AF0AF173E1DB}.ExportDebug|Any CPU.Build.0 = ExportDebug|Any CPU
		{A9645E4E-49A5-4851-B63B-AF0AF173E1DB}.ExportRelease|Any CPU.ActiveCfg = ExportRelease|Any CPU
		{A9645E4E-49A5-4851-B63B-AF0AF173E1DB}.ExportRelease|Any CPU.Build.0 = ExportRelease|Any CPU
	EndGlobalSection
EndGlobal
